
Microsoft Visual Studio Solution File, Format Version 12.00
# Visual Studio Version 16
VisualStudioVersion = 16.0.32126.315
MinimumVisualStudioVersion = 10.0.40219.1
Project("{FAE04EC0-301F-11D3-BF4B-00C04F79EFBC}") = "TasKagitMakas", "TasKagitMakas\TasKagitMakas.csproj", "{1925568E-1816-4EE1-8899-B1028B62CAFC}"
EndProject
Global
	GlobalSection(SolutionConfigurationPlatforms) = preSolution
		Debug|Any CPU = Debug|Any CPU
		Release|Any CPU = Release|Any CPU
	EndGlobalSection
	GlobalSection(ProjectConfigurationPlatforms) = postSolution
		{1925568E-1816-4EE1-8899-B1028B62CAFC}.Debug|Any CPU.ActiveCfg = Debug|Any CPU
		{1925568E-1816-4EE1-8899-B1028B62CAFC}.Debug|Any CPU.Build.0 = Debug|Any CPU
		{1925568E-1816-4EE1-8899-B1028B62CAFC}.Release|Any CPU.ActiveCfg = Release|Any CPU
		{1925568E-1816-4EE1-8899-B1028B62CAFC}.Release|Any CPU.Build.0 = Release|Any CPU
	EndGlobalSection
	GlobalSection(SolutionProperties) = preSolution
		HideSolutionNode = FALSE
	EndGlobalSection
	GlobalSection(ExtensibilityGlobals) = postSolution
		SolutionGuid = {475B5034-E370-40AE-85FF-A88599FE080B}
	EndGlobalSection
EndGlobal
